<?xml version="1.0" encoding="utf-8"?>
<Project ToolsVersion="4.0" xmlns="http://schemas.microsoft.com/developer/msbuild/2003">
  <ItemGroup>
    <Filter Include="Source Files">
      <UniqueIdentifier>{4FC737F1-C7A5-4376-A066-2A32D752A2FF}</UniqueIdentifier>
      <Extensions>cpp;c;cc;cxx;c++;cppm;ixx;def;odl;idl;hpj;bat;asm;asmx</Extensions>
    </Filter>
    <Filter Include="Header Files">
      <UniqueIdentifier>{93995380-89BD-4b04-88EB-625FBE52EBFB}</UniqueIdentifier>
      <Extensions>h;hh;hpp;hxx;h++;hm;inl;inc;ipp;xsd</Extensions>
    </Filter>
  </ItemGroup>
  <ItemGroup>
    <ClCompile Include="Src\Main.cpp">
      <Filter>Source Files</Filter>
    </ClCompile>
    <ClCompile Include="Src\GSM.cpp">
      <Filter>Source Files</Filter>
    </ClCompile>
    <ClCompile Include="Src\Racing.cpp">
      <Filter>Source Files</Filter>
    </ClCompile>
    <ClCompile Include="Src\Boss.cpp">
      <Filter>Source Files</Filter>
    </ClCompile>
    <ClCompile Include="Src\General.cpp">
      <Filter>Source Files</Filter>
    </ClCompile>
    <ClCompile Include="Src\RacingMap.cpp">
      <Filter>Source Files</Filter>
    </ClCompile>
    <ClCompile Include="Src\Puzzle.cpp">
      <Filter>Source Files</Filter>
    </ClCompile>
    <ClCompile Include="Src\WinLose.cpp">
      <Filter>Source Files</Filter>
    </ClCompile>
    <ClCompile Include="Src\MainMenu.cpp">
      <Filter>Source Files</Filter>
    </ClCompile>
    <ClCompile Include="Src\Buttons.cpp">
      <Filter>Source Files</Filter>
    </ClCompile>
    <ClCompile Include="Src\WinnerState.cpp">
      <Filter>Source Files</Filter>
    </ClCompile>
    <ClCompile Include="Splash_screen.cpp">
      <Filter>Source Files</Filter>
    </ClCompile>
    <ClCompile Include="Src\Tutorial.cpp">
      <Filter>Source Files</Filter>
    </ClCompile>
  </ItemGroup>
  <ItemGroup>
    <ClInclude Include="Inc\GSM.h">
      <Filter>Header Files</Filter>
    </ClInclude>
    <ClInclude Include="Inc\Racing.h">
      <Filter>Header Files</Filter>
    </ClInclude>
    <ClInclude Include="Inc\GameStateList.h">
      <Filter>Header Files</Filter>
    </ClInclude>
    <ClInclude Include="Inc\Boss.h">
      <Filter>Header Files</Filter>
    </ClInclude>
    <ClInclude Include="Inc\General.h">
      <Filter>Header Files</Filter>
    </ClInclude>
    <ClInclude Include="Inc\RacingMap.h">
      <Filter>Header Files</Filter>
    </ClInclude>
    <ClInclude Include="Inc\Puzzle.h">
      <Filter>Header Files</Filter>
    </ClInclude>
    <ClInclude Include="Inc\MainMenu.h">
      <Filter>Header Files</Filter>
    </ClInclude>
    <ClInclude Include="Inc\Buttons.h">
      <Filter>Header Files</Filter>
    </ClInclude>
    <ClInclude Include="Main.h">
      <Filter>Header Files</Filter>
    </ClInclude>
    <ClInclude Include="Inc\WinnerState.h">
      <Filter>Header Files</Filter>
    </ClInclude>
    <ClInclude Include="Splash_screen.h">
      <Filter>Header Files</Filter>
    </ClInclude>
    <ClInclude Include="Inc\Tutorial.h">
      <Filter>Header Files</Filter>
    </ClInclude>
  </ItemGroup>
  <ItemGroup>
    <ClInclude Include="Inc\WinLose.h">
      <Filter>Header Files</Filter>
    </ClInclude>
  </ItemGroup>
</Project>